
Microsoft Visual Studio Solution File, Format Version 12.00
# Visual Studio Version 17
VisualStudioVersion = 17.14.36623.8
MinimumVisualStudioVersion = 10.0.40219.1
Project("{F2A71F9B-5D33-465A-A702-920D77279786}") = "GameLib", "GameLib\GameLib.fsproj", "{2C722D40-2253-46BE-B47E-A9D2717BE16B}"
EndProject
Project("{F2A71F9B-5D33-465A-A702-920D77279786}") = "GameServerLib", "GameServerLib\GameServerLib.fsproj", "{E805DA46-7699-469D-903F-B29969F6BA4A}"
EndProject
Project("{FAE04EC0-301F-11D3-BF4B-00C04F79EFBC}") = "ZoleX", "ZoleX\ZoleX.csproj", "{BB66351A-98F7-BDA9-EB5D-A948BDCAC9DD}"
EndProject
Project("{F2A71F9B-5D33-465A-A702-920D77279786}") = "ZoleServerCore", "ZoleServerCore\ZoleServerCore.fsproj", "{1B99CE54-D868-DE2F-897E-358E13786F39}"
EndProject
Global
	GlobalSection(SolutionConfigurationPlatforms) = preSolution
		Debug|Any CPU = Debug|Any CPU
		Release|Any CPU = Release|Any CPU
	EndGlobalSection
	GlobalSection(ProjectConfigurationPlatforms) = postSolution
		{2C722D40-2253-46BE-B47E-A9D2717BE16B}.Debug|Any CPU.ActiveCfg = Debug|Any CPU
		{2C722D40-2253-46BE-B47E-A9D2717BE16B}.Debug|Any CPU.Build.0 = Debug|Any CPU
		{2C722D40-2253-46BE-B47E-A9D2717BE16B}.Release|Any CPU.ActiveCfg = Release|Any CPU
		{2C722D40-2253-46BE-B47E-A9D2717BE16B}.Release|Any CPU.Build.0 = Release|Any CPU
		{E805DA46-7699-469D-903F-B29969F6BA4A}.Debug|Any CPU.ActiveCfg = Debug|Any CPU
		{E805DA46-7699-469D-903F-B29969F6BA4A}.Debug|Any CPU.Build.0 = Debug|Any CPU
		{E805DA46-7699-469D-903F-B29969F6BA4A}.Release|Any CPU.ActiveCfg = Release|Any CPU
		{E805DA46-7699-469D-903F-B29969F6BA4A}.Release|Any CPU.Build.0 = Release|Any CPU
		{BB66351A-98F7-BDA9-EB5D-A948BDCAC9DD}.Debug|Any CPU.ActiveCfg = Debug|Any CPU
		{BB66351A-98F7-BDA9-EB5D-A948BDCAC9DD}.Debug|Any CPU.Build.0 = Debug|Any CPU
		{BB66351A-98F7-BDA9-EB5D-A948BDCAC9DD}.Debug|Any CPU.Deploy.0 = Debug|Any CPU
		{BB66351A-98F7-BDA9-EB5D-A948BDCAC9DD}.Release|Any CPU.ActiveCfg = Release|Any CPU
		{BB66351A-98F7-BDA9-EB5D-A948BDCAC9DD}.Release|Any CPU.Build.0 = Release|Any CPU
		{1B99CE54-D868-DE2F-897E-358E13786F39}.Debug|Any CPU.ActiveCfg = Debug|Any CPU
		{1B99CE54-D868-DE2F-897E-358E13786F39}.Debug|Any CPU.Build.0 = Debug|Any CPU
		{1B99CE54-D868-DE2F-897E-358E13786F39}.Release|Any CPU.ActiveCfg = Release|Any CPU
		{1B99CE54-D868-DE2F-897E-358E13786F39}.Release|Any CPU.Build.0 = Release|Any CPU
	EndGlobalSection
	GlobalSection(SolutionProperties) = preSolution
		HideSolutionNode = FALSE
	EndGlobalSection
	GlobalSection(ExtensibilityGlobals) = postSolution
		SolutionGuid = {363E4BA9-46FA-4F9B-A9E8-A8A3A102A824}
	EndGlobalSection
EndGlobal
